// !$*UTF8*$!
{
	archiveVersion = 1;
	classes = {
	};
	objectVersion = 50;
	objects = {

/* Begin PBXBuildFile section */
		8AEB9D592728C784004C1660 /* AddNewPokemon.swift in Sources */ = {isa = PBXBuildFile; fileRef = 8AEB9D582728C784004C1660 /* AddNewPokemon.swift */; };
		8AEB9D5A2728C784004C1660 /* AddNewPokemon.swift in Sources */ = {isa = PBXBuildFile; fileRef = 8AEB9D582728C784004C1660 /* AddNewPokemon.swift */; };
		8AEB9D5C2728CA89004C1660 /* PokemonDetail.swift in Sources */ = {isa = PBXBuildFile; fileRef = 8AEB9D5B2728CA89004C1660 /* PokemonDetail.swift */; };
		8AEB9D5D2728CA89004C1660 /* PokemonDetail.swift in Sources */ = {isa = PBXBuildFile; fileRef = 8AEB9D5B2728CA89004C1660 /* PokemonDetail.swift */; };
		8AEB9D5F2728CBA8004C1660 /* Pokemon.swift in Sources */ = {isa = PBXBuildFile; fileRef = 8AEB9D5E2728CBA8004C1660 /* Pokemon.swift */; };
		8AEB9D602728CBA8004C1660 /* Pokemon.swift in Sources */ = {isa = PBXBuildFile; fileRef = 8AEB9D5E2728CBA8004C1660 /* Pokemon.swift */; };
		8AEB9D622728CBD4004C1660 /* PokemonData.swift in Sources */ = {isa = PBXBuildFile; fileRef = 8AEB9D612728CBD4004C1660 /* PokemonData.swift */; };
		8AEB9D632728CBD4004C1660 /* PokemonData.swift in Sources */ = {isa = PBXBuildFile; fileRef = 8AEB9D612728CBD4004C1660 /* PokemonData.swift */; };
		8AEB9D652728CC37004C1660 /* PokemonStore.swift in Sources */ = {isa = PBXBuildFile; fileRef = 8AEB9D642728CC37004C1660 /* PokemonStore.swift */; };
		8AEB9D662728CC37004C1660 /* PokemonStore.swift in Sources */ = {isa = PBXBuildFile; fileRef = 8AEB9D642728CC37004C1660 /* PokemonStore.swift */; };
		8AEB9D682728CCB2004C1660 /* pokemonData.json in Resources */ = {isa = PBXBuildFile; fileRef = 8AEB9D672728CCB2004C1660 /* pokemonData.json */; };
		8AEB9D692728CCB2004C1660 /* pokemonData.json in Resources */ = {isa = PBXBuildFile; fileRef = 8AEB9D672728CCB2004C1660 /* pokemonData.json */; };
		8AF8719D2720996600A2DE37 /* Tests_iOS.swift in Sources */ = {isa = PBXBuildFile; fileRef = 8AF8719C2720996600A2DE37 /* Tests_iOS.swift */; };
		8AF871A82720996700A2DE37 /* Tests_macOS.swift in Sources */ = {isa = PBXBuildFile; fileRef = 8AF871A72720996700A2DE37 /* Tests_macOS.swift */; };
		8AF871AA2720996700A2DE37 /* CPSC357_Project_2App.swift in Sources */ = {isa = PBXBuildFile; fileRef = 8AF871812720996600A2DE37 /* CPSC357_Project_2App.swift */; };
		8AF871AB2720996700A2DE37 /* CPSC357_Project_2App.swift in Sources */ = {isa = PBXBuildFile; fileRef = 8AF871812720996600A2DE37 /* CPSC357_Project_2App.swift */; };
		8AF871AC2720996700A2DE37 /* ContentView.swift in Sources */ = {isa = PBXBuildFile; fileRef = 8AF871822720996600A2DE37 /* ContentView.swift */; };
		8AF871AD2720996700A2DE37 /* ContentView.swift in Sources */ = {isa = PBXBuildFile; fileRef = 8AF871822720996600A2DE37 /* ContentView.swift */; };
		8AF871AE2720996700A2DE37 /* Assets.xcassets in Resources */ = {isa = PBXBuildFile; fileRef = 8AF871832720996600A2DE37 /* Assets.xcassets */; };
		8AF871AF2720996700A2DE37 /* Assets.xcassets in Resources */ = {isa = PBXBuildFile; fileRef = 8AF871832720996600A2DE37 /* Assets.xcassets */; };
/* End PBXBuildFile section */

/* Begin PBXContainerItemProxy section */
		8AF871992720996600A2DE37 /* PBXContainerItemProxy */ = {
			isa = PBXContainerItemProxy;
			containerPortal = 8AF8717C2720996500A2DE37 /* Project object */;
			proxyType = 1;
			remoteGlobalIDString = 8AF871872720996600A2DE37;
			remoteInfo = "CPSC357-Project 2 (iOS)";
		};
		8AF871A42720996700A2DE37 /* PBXContainerItemProxy */ = {
			isa = PBXContainerItemProxy;
			containerPortal = 8AF8717C2720996500A2DE37 /* Project object */;
			proxyType = 1;
			remoteGlobalIDString = 8AF8718F2720996600A2DE37;
			remoteInfo = "CPSC357-Project 2 (macOS)";
		};
/* End PBXContainerItemProxy section */

/* Begin PBXFileReference section */
		8AEB9D582728C784004C1660 /* AddNewPokemon.swift */ = {isa = PBXFileReference; lastKnownFileType = sourcecode.swift; path = AddNewPokemon.swift; sourceTree = "<group>"; };
		8AEB9D5B2728CA89004C1660 /* PokemonDetail.swift */ = {isa = PBXFileReference; lastKnownFileType = sourcecode.swift; path = PokemonDetail.swift; sourceTree = "<group>"; };
		8AEB9D5E2728CBA8004C1660 /* Pokemon.swift */ = {isa = PBXFileReference; lastKnownFileType = sourcecode.swift; path = Pokemon.swift; sourceTree = "<group>"; };
		8AEB9D612728CBD4004C1660 /* PokemonData.swift */ = {isa = PBXFileReference; lastKnownFileType = sourcecode.swift; path = PokemonData.swift; sourceTree = "<group>"; };
		8AEB9D642728CC37004C1660 /* PokemonStore.swift */ = {isa = PBXFileReference; lastKnownFileType = sourcecode.swift; path = PokemonStore.swift; sourceTree = "<group>"; };
		8AEB9D672728CCB2004C1660 /* pokemonData.json */ = {isa = PBXFileReference; fileEncoding = 4; lastKnownFileType = text.json; path = pokemonData.json; sourceTree = "<group>"; };
		8AF871812720996600A2DE37 /* CPSC357_Project_2App.swift */ = {isa = PBXFileReference; lastKnownFileType = sourcecode.swift; path = CPSC357_Project_2App.swift; sourceTree = "<group>"; };
		8AF871822720996600A2DE37 /* ContentView.swift */ = {isa = PBXFileReference; lastKnownFileType = sourcecode.swift; path = ContentView.swift; sourceTree = "<group>"; };
		8AF871832720996600A2DE37 /* Assets.xcassets */ = {isa = PBXFileReference; lastKnownFileType = folder.assetcatalog; path = Assets.xcassets; sourceTree = "<group>"; };
		8AF871882720996600A2DE37 /* CPSC357-Project 2.app */ = {isa = PBXFileReference; explicitFileType = wrapper.application; includeInIndex = 0; path = "CPSC357-Project 2.app"; sourceTree = BUILT_PRODUCTS_DIR; };
		8AF8718B2720996600A2DE37 /* Info.plist */ = {isa = PBXFileReference; lastKnownFileType = text.plist.xml; path = Info.plist; sourceTree = "<group>"; };
		8AF871902720996600A2DE37 /* CPSC357-Project 2.app */ = {isa = PBXFileReference; explicitFileType = wrapper.application; includeInIndex = 0; path = "CPSC357-Project 2.app"; sourceTree = BUILT_PRODUCTS_DIR; };
		8AF871922720996600A2DE37 /* Info.plist */ = {isa = PBXFileReference; lastKnownFileType = text.plist.xml; path = Info.plist; sourceTree = "<group>"; };
		8AF871932720996600A2DE37 /* macOS.entitlements */ = {isa = PBXFileReference; lastKnownFileType = text.plist.entitlements; path = macOS.entitlements; sourceTree = "<group>"; };
		8AF871982720996600A2DE37 /* Tests iOS.xctest */ = {isa = PBXFileReference; explicitFileType = wrapper.cfbundle; includeInIndex = 0; path = "Tests iOS.xctest"; sourceTree = BUILT_PRODUCTS_DIR; };
		8AF8719C2720996600A2DE37 /* Tests_iOS.swift */ = {isa = PBXFileReference; lastKnownFileType = sourcecode.swift; path = Tests_iOS.swift; sourceTree = "<group>"; };
		8AF8719E2720996600A2DE37 /* Info.plist */ = {isa = PBXFileReference; lastKnownFileType = text.plist.xml; path = Info.plist; sourceTree = "<group>"; };
		8AF871A32720996700A2DE37 /* Tests macOS.xctest */ = {isa = PBXFileReference; explicitFileType = wrapper.cfbundle; includeInIndex = 0; path = "Tests macOS.xctest"; sourceTree = BUILT_PRODUCTS_DIR; };
		8AF871A72720996700A2DE37 /* Tests_macOS.swift */ = {isa = PBXFileReference; lastKnownFileType = sourcecode.swift; path = Tests_macOS.swift; sourceTree = "<group>"; };
		8AF871A92720996700A2DE37 /* Info.plist */ = {isa = PBXFileReference; lastKnownFileType = text.plist.xml; path = Info.plist; sourceTree = "<group>"; };
/* End PBXFileReference section */

/* Begin PBXFrameworksBuildPhase section */
		8AF871852720996600A2DE37 /* Frameworks */ = {
			isa = PBXFrameworksBuildPhase;
			buildActionMask = 2147483647;
			files = (
			);
			runOnlyForDeploymentPostprocessing = 0;
		};
		8AF8718D2720996600A2DE37 /* Frameworks */ = {
			isa = PBXFrameworksBuildPhase;
			buildActionMask = 2147483647;
			files = (
			);
			runOnlyForDeploymentPostprocessing = 0;
		};
		8AF871952720996600A2DE37 /* Frameworks */ = {
			isa = PBXFrameworksBuildPhase;
			buildActionMask = 2147483647;
			files = (
			);
			runOnlyForDeploymentPostprocessing = 0;
		};
		8AF871A02720996700A2DE37 /* Frameworks */ = {
			isa = PBXFrameworksBuildPhase;
			buildActionMask = 2147483647;
			files = (
			);
			runOnlyForDeploymentPostprocessing = 0;
		};
/* End PBXFrameworksBuildPhase section */

/* Begin PBXGroup section */
		8AF8717B2720996500A2DE37 = {
			isa = PBXGroup;
			children = (
				8AF871802720996600A2DE37 /* Shared */,
				8AF8718A2720996600A2DE37 /* iOS */,
				8AF871912720996600A2DE37 /* macOS */,
				8AF8719B2720996600A2DE37 /* Tests iOS */,
				8AF871A62720996700A2DE37 /* Tests macOS */,
				8AF871892720996600A2DE37 /* Products */,
			);
			sourceTree = "<group>";
		};
		8AF871802720996600A2DE37 /* Shared */ = {
			isa = PBXGroup;
			children = (
				8AF871812720996600A2DE37 /* CPSC357_Project_2App.swift */,
				8AF871822720996600A2DE37 /* ContentView.swift */,
				8AEB9D582728C784004C1660 /* AddNewPokemon.swift */,
				8AEB9D5B2728CA89004C1660 /* PokemonDetail.swift */,
				8AEB9D5E2728CBA8004C1660 /* Pokemon.swift */,
				8AEB9D612728CBD4004C1660 /* PokemonData.swift */,
				8AEB9D642728CC37004C1660 /* PokemonStore.swift */,
				8AF871832720996600A2DE37 /* Assets.xcassets */,
				8AEB9D672728CCB2004C1660 /* pokemonData.json */,
			);
			path = Shared;
			sourceTree = "<group>";
		};
		8AF871892720996600A2DE37 /* Products */ = {
			isa = PBXGroup;
			children = (
				8AF871882720996600A2DE37 /* CPSC357-Project 2.app */,
				8AF871902720996600A2DE37 /* CPSC357-Project 2.app */,
				8AF871982720996600A2DE37 /* Tests iOS.xctest */,
				8AF871A32720996700A2DE37 /* Tests macOS.xctest */,
			);
			name = Products;
			sourceTree = "<group>";
		};
		8AF8718A2720996600A2DE37 /* iOS */ = {
			isa = PBXGroup;
			children = (
				8AF8718B2720996600A2DE37 /* Info.plist */,
			);
			path = iOS;
			sourceTree = "<group>";
		};
		8AF871912720996600A2DE37 /* macOS */ = {
			isa = PBXGroup;
			children = (
				8AF871922720996600A2DE37 /* Info.plist */,
				8AF871932720996600A2DE37 /* macOS.entitlements */,
			);
			path = macOS;
			sourceTree = "<group>";
		};
		8AF8719B2720996600A2DE37 /* Tests iOS */ = {
			isa = PBXGroup;
			children = (
				8AF8719C2720996600A2DE37 /* Tests_iOS.swift */,
				8AF8719E2720996600A2DE37 /* Info.plist */,
			);
			path = "Tests iOS";
			sourceTree = "<group>";
		};
		8AF871A62720996700A2DE37 /* Tests macOS */ = {
			isa = PBXGroup;
			children = (
				8AF871A72720996700A2DE37 /* Tests_macOS.swift */,
				8AF871A92720996700A2DE37 /* Info.plist */,
			);
			path = "Tests macOS";
			sourceTree = "<group>";
		};
/* End PBXGroup section */

/* Begin PBXNativeTarget section */
		8AF871872720996600A2DE37 /* CPSC357-Project 2 (iOS) */ = {
			isa = PBXNativeTarget;
			buildConfigurationList = 8AF871B22720996700A2DE37 /* Build configuration list for PBXNativeTarget "CPSC357-Project 2 (iOS)" */;
			buildPhases = (
				8AF871842720996600A2DE37 /* Sources */,
				8AF871852720996600A2DE37 /* Frameworks */,
				8AF871862720996600A2DE37 /* Resources */,
			);
			buildRules = (
			);
			dependencies = (
			);
			name = "CPSC357-Project 2 (iOS)";
			productName = "CPSC357-Project 2 (iOS)";
			productReference = 8AF871882720996600A2DE37 /* CPSC357-Project 2.app */;
			productType = "com.apple.product-type.application";
		};
		8AF8718F2720996600A2DE37 /* CPSC357-Project 2 (macOS) */ = {
			isa = PBXNativeTarget;
			buildConfigurationList = 8AF871B52720996700A2DE37 /* Build configuration list for PBXNativeTarget "CPSC357-Project 2 (macOS)" */;
			buildPhases = (
				8AF8718C2720996600A2DE37 /* Sources */,
				8AF8718D2720996600A2DE37 /* Frameworks */,
				8AF8718E2720996600A2DE37 /* Resources */,
			);
			buildRules = (
			);
			dependencies = (
			);
			name = "CPSC357-Project 2 (macOS)";
			productName = "CPSC357-Project 2 (macOS)";
			productReference = 8AF871902720996600A2DE37 /* CPSC357-Project 2.app */;
			productType = "com.apple.product-type.application";
		};
		8AF871972720996600A2DE37 /* Tests iOS */ = {
			isa = PBXNativeTarget;
			buildConfigurationList = 8AF871B82720996700A2DE37 /* Build configuration list for PBXNativeTarget "Tests iOS" */;
			buildPhases = (
				8AF871942720996600A2DE37 /* Sources */,
				8AF871952720996600A2DE37 /* Frameworks */,
				8AF871962720996600A2DE37 /* Resources */,
			);
			buildRules = (
			);
			dependencies = (
				8AF8719A2720996600A2DE37 /* PBXTargetDependency */,
			);
			name = "Tests iOS";
			productName = "Tests iOS";
			productReference = 8AF871982720996600A2DE37 /* Tests iOS.xctest */;
			productType = "com.apple.product-type.bundle.ui-testing";
		};
		8AF871A22720996700A2DE37 /* Tests macOS */ = {
			isa = PBXNativeTarget;
			buildConfigurationList = 8AF871BB2720996700A2DE37 /* Build configuration list for PBXNativeTarget "Tests macOS" */;
			buildPhases = (
				8AF8719F2720996700A2DE37 /* Sources */,
				8AF871A02720996700A2DE37 /* Frameworks */,
				8AF871A12720996700A2DE37 /* Resources */,
			);
			buildRules = (
			);
			dependencies = (
				8AF871A52720996700A2DE37 /* PBXTargetDependency */,
			);
			name = "Tests macOS";
			productName = "Tests macOS";
			productReference = 8AF871A32720996700A2DE37 /* Tests macOS.xctest */;
			productType = "com.apple.product-type.bundle.ui-testing";
		};
/* End PBXNativeTarget section */

/* Begin PBXProject section */
		8AF8717C2720996500A2DE37 /* Project object */ = {
			isa = PBXProject;
			attributes = {
				LastSwiftUpdateCheck = 1250;
				LastUpgradeCheck = 1250;
				TargetAttributes = {
					8AF871872720996600A2DE37 = {
						CreatedOnToolsVersion = 12.5.1;
					};
					8AF8718F2720996600A2DE37 = {
						CreatedOnToolsVersion = 12.5.1;
					};
					8AF871972720996600A2DE37 = {
						CreatedOnToolsVersion = 12.5.1;
						TestTargetID = 8AF871872720996600A2DE37;
					};
					8AF871A22720996700A2DE37 = {
						CreatedOnToolsVersion = 12.5.1;
						TestTargetID = 8AF8718F2720996600A2DE37;
					};
				};
			};
			buildConfigurationList = 8AF8717F2720996500A2DE37 /* Build configuration list for PBXProject "CPSC357-Project 2" */;
			compatibilityVersion = "Xcode 9.3";
			developmentRegion = en;
			hasScannedForEncodings = 0;
			knownRegions = (
				en,
				Base,
			);
			mainGroup = 8AF8717B2720996500A2DE37;
			productRefGroup = 8AF871892720996600A2DE37 /* Products */;
			projectDirPath = "";
			projectRoot = "";
			targets = (
				8AF871872720996600A2DE37 /* CPSC357-Project 2 (iOS) */,
				8AF8718F2720996600A2DE37 /* CPSC357-Project 2 (macOS) */,
				8AF871972720996600A2DE37 /* Tests iOS */,
				8AF871A22720996700A2DE37 /* Tests macOS */,
			);
		};
/* End PBXProject section */

/* Begin PBXResourcesBuildPhase section */
		8AF871862720996600A2DE37 /* Resources */ = {
			isa = PBXResourcesBuildPhase;
			buildActionMask = 2147483647;
			files = (
				8AF871AE2720996700A2DE37 /* Assets.xcassets in Resources */,
				8AEB9D682728CCB2004C1660 /* pokemonData.json in Resources */,
			);
			runOnlyForDeploymentPostprocessing = 0;
		};
		8AF8718E2720996600A2DE37 /* Resources */ = {
			isa = PBXResourcesBuildPhase;
			buildActionMask = 2147483647;
			files = (
				8AF871AF2720996700A2DE37 /* Assets.xcassets in Resources */,
				8AEB9D692728CCB2004C1660 /* pokemonData.json in Resources */,
			);
			runOnlyForDeploymentPostprocessing = 0;
		};
		8AF871962720996600A2DE37 /* Resources */ = {
			isa = PBXResourcesBuildPhase;
			buildActionMask = 2147483647;
			files = (
			);
			runOnlyForDeploymentPostprocessing = 0;
		};
		8AF871A12720996700A2DE37 /* Resources */ = {
			isa = PBXResourcesBuildPhase;
			buildActionMask = 2147483647;
			files = (
			);
			runOnlyForDeploymentPostprocessing = 0;
		};
/* End PBXResourcesBuildPhase section */

/* Begin PBXSourcesBuildPhase section */
		8AF871842720996600A2DE37 /* Sources */ = {
			isa = PBXSourcesBuildPhase;
			buildActionMask = 2147483647;
			files = (
				8AEB9D622728CBD4004C1660 /* PokemonData.swift in Sources */,
				8AF871AC2720996700A2DE37 /* ContentView.swift in Sources */,
				8AEB9D652728CC37004C1660 /* PokemonStore.swift in Sources */,
				8AEB9D5C2728CA89004C1660 /* PokemonDetail.swift in Sources */,
				8AEB9D592728C784004C1660 /* AddNewPokemon.swift in Sources */,
				8AF871AA2720996700A2DE37 /* CPSC357_Project_2App.swift in Sources */,
				8AEB9D5F2728CBA8004C1660 /* Pokemon.swift in Sources */,
			);
			runOnlyForDeploymentPostprocessing = 0;
		};
		8AF8718C2720996600A2DE37 /* Sources */ = {
			isa = PBXSourcesBuildPhase;
			buildActionMask = 2147483647;
			files = (
				8AEB9D632728CBD4004C1660 /* PokemonData.swift in Sources */,
				8AF871AD2720996700A2DE37 /* ContentView.swift in Sources */,
				8AEB9D662728CC37004C1660 /* PokemonStore.swift in Sources */,
				8AEB9D5D2728CA89004C1660 /* PokemonDetail.swift in Sources */,
				8AEB9D5A2728C784004C1660 /* AddNewPokemon.swift in Sources */,
				8AF871AB2720996700A2DE37 /* CPSC357_Project_2App.swift in Sources */,
				8AEB9D602728CBA8004C1660 /* Pokemon.swift in Sources */,
			);
			runOnlyForDeploymentPostprocessing = 0;
		};
		8AF871942720996600A2DE37 /* Sources */ = {
			isa = PBXSourcesBuildPhase;
			buildActionMask = 2147483647;
			files = (
				8AF8719D2720996600A2DE37 /* Tests_iOS.swift in Sources */,
			);
			runOnlyForDeploymentPostprocessing = 0;
		};
		8AF8719F2720996700A2DE37 /* Sources */ = {
			isa = PBXSourcesBuildPhase;
			buildActionMask = 2147483647;
			files = (
				8AF871A82720996700A2DE37 /* Tests_macOS.swift in Sources */,
			);
			runOnlyForDeploymentPostprocessing = 0;
		};
/* End PBXSourcesBuildPhase section */

/* Begin PBXTargetDependency section */
		8AF8719A2720996600A2DE37 /* PBXTargetDependency */ = {
			isa = PBXTargetDependency;
			target = 8AF871872720996600A2DE37 /* CPSC357-Project 2 (iOS) */;
			targetProxy = 8AF871992720996600A2DE37 /* PBXContainerItemProxy */;
		};
		8AF871A52720996700A2DE37 /* PBXTargetDependency */ = {
			isa = PBXTargetDependency;
			target = 8AF8718F2720996600A2DE37 /* CPSC357-Project 2 (macOS) */;
			targetProxy = 8AF871A42720996700A2DE37 /* PBXContainerItemProxy */;
		};
/* End PBXTargetDependency section */

/* Begin XCBuildConfiguration section */
		8AF871B02720996700A2DE37 /* Debug */ = {
			isa = XCBuildConfiguration;
			buildSettings = {
				ALWAYS_SEARCH_USER_PATHS = NO;
				CLANG_ANALYZER_NONNULL = YES;
				CLANG_ANALYZER_NUMBER_OBJECT_CONVERSION = YES_AGGRESSIVE;
				CLANG_CXX_LANGUAGE_STANDARD = "gnu++14";
				CLANG_CXX_LIBRARY = "libc++";
				CLANG_ENABLE_MODULES = YES;
				CLANG_ENABLE_OBJC_ARC = YES;
				CLANG_ENABLE_OBJC_WEAK = YES;
				CLANG_WARN_BLOCK_CAPTURE_AUTORELEASING = YES;
				CLANG_WARN_BOOL_CONVERSION = YES;
				CLANG_WARN_COMMA = YES;
				CLANG_WARN_CONSTANT_CONVERSION = YES;
				CLANG_WARN_DEPRECATED_OBJC_IMPLEMENTATIONS = YES;
				CLANG_WARN_DIRECT_OBJC_ISA_USAGE = YES_ERROR;
				CLANG_WARN_DOCUMENTATION_COMMENTS = YES;
				CLANG_WARN_EMPTY_BODY = YES;
				CLANG_WARN_ENUM_CONVERSION = YES;
				CLANG_WARN_INFINITE_RECURSION = YES;
				CLANG_WARN_INT_CONVERSION = YES;
				CLANG_WARN_NON_LITERAL_NULL_CONVERSION = YES;
				CLANG_WARN_OBJC_IMPLICIT_RETAIN_SELF = YES;
				CLANG_WARN_OBJC_LITERAL_CONVERSION = YES;
				CLANG_WARN_OBJC_ROOT_CLASS = YES_ERROR;
				CLANG_WARN_QUOTED_INCLUDE_IN_FRAMEWORK_HEADER = YES;
				CLANG_WARN_RANGE_LOOP_ANALYSIS = YES;
				CLANG_WARN_STRICT_PROTOTYPES = YES;
				CLANG_WARN_SUSPICIOUS_MOVE = YES;
				CLANG_WARN_UNGUARDED_AVAILABILITY = YES_AGGRESSIVE;
				CLANG_WARN_UNREACHABLE_CODE = YES;
				CLANG_WARN__DUPLICATE_METHOD_MATCH = YES;
				COPY_PHASE_STRIP = NO;
				DEBUG_INFORMATION_FORMAT = dwarf;
				ENABLE_STRICT_OBJC_MSGSEND = YES;
				ENABLE_TESTABILITY = YES;
				GCC_C_LANGUAGE_STANDARD = gnu11;
				GCC_DYNAMIC_NO_PIC = NO;
				GCC_NO_COMMON_BLOCKS = YES;
				GCC_OPTIMIZATION_LEVEL = 0;
				GCC_PREPROCESSOR_DEFINITIONS = (
					"DEBUG=1",
					"$(inherited)",
				);
				GCC_WARN_64_TO_32_BIT_CONVERSION = YES;
				GCC_WARN_ABOUT_RETURN_TYPE = YES_ERROR;
				GCC_WARN_UNDECLARED_SELECTOR = YES;
				GCC_WARN_UNINITIALIZED_AUTOS = YES_AGGRESSIVE;
				GCC_WARN_UNUSED_FUNCTION = YES;
				GCC_WARN_UNUSED_VARIABLE = YES;
				MTL_ENABLE_DEBUG_INFO = INCLUDE_SOURCE;
				MTL_FAST_MATH = YES;
				ONLY_ACTIVE_ARCH = YES;
				SWIFT_ACTIVE_COMPILATION_CONDITIONS = DEBUG;
				SWIFT_OPTIMIZATION_LEVEL = "-Onone";
			};
			name = Debug;
		};
		8AF871B12720996700A2DE37 /* Release */ = {
			isa = XCBuildConfiguration;
			buildSettings = {
				ALWAYS_SEARCH_USER_PATHS = NO;
				CLANG_ANALYZER_NONNULL = YES;
				CLANG_ANALYZER_NUMBER_OBJECT_CONVERSION = YES_AGGRESSIVE;
				CLANG_CXX_LANGUAGE_STANDARD = "gnu++14";
				CLANG_CXX_LIBRARY = "libc++";
				CLANG_ENABLE_MODULES = YES;
				CLANG_ENABLE_OBJC_ARC = YES;
				CLANG_ENABLE_OBJC_WEAK = YES;
				CLANG_WARN_BLOCK_CAPTURE_AUTORELEASING = YES;
				CLANG_WARN_BOOL_CONVERSION = YES;
				CLANG_WARN_COMMA = YES;
				CLANG_WARN_CONSTANT_CONVERSION = YES;
				CLANG_WARN_DEPRECATED_OBJC_IMPLEMENTATIONS = YES;
				CLANG_WARN_DIRECT_OBJC_ISA_USAGE = YES_ERROR;
				CLANG_WARN_DOCUMENTATION_COMMENTS = YES;
				CLANG_WARN_EMPTY_BODY = YES;
				CLANG_WARN_ENUM_CONVERSION = YES;
				CLANG_WARN_INFINITE_RECURSION = YES;
				CLANG_WARN_INT_CONVERSION = YES;
				CLANG_WARN_NON_LITERAL_NULL_CONVERSION = YES;
				CLANG_WARN_OBJC_IMPLICIT_RETAIN_SELF = YES;
				CLANG_WARN_OBJC_LITERAL_CONVERSION = YES;
				CLANG_WARN_OBJC_ROOT_CLASS = YES_ERROR;
				CLANG_WARN_QUOTED_INCLUDE_IN_FRAMEWORK_HEADER = YES;
				CLANG_WARN_RANGE_LOOP_ANALYSIS = YES;
				CLANG_WARN_STRICT_PROTOTYPES = YES;
				CLANG_WARN_SUSPICIOUS_MOVE = YES;
				CLANG_WARN_UNGUARDED_AVAILABILITY = YES_AGGRESSIVE;
				CLANG_WARN_UNREACHABLE_CODE = YES;
				CLANG_WARN__DUPLICATE_METHOD_MATCH = YES;
				COPY_PHASE_STRIP = NO;
				DEBUG_INFORMATION_FORMAT = "dwarf-with-dsym";
				ENABLE_NS_ASSERTIONS = NO;
				ENABLE_STRICT_OBJC_MSGSEND = YES;
				GCC_C_LANGUAGE_STANDARD = gnu11;
				GCC_NO_COMMON_BLOCKS = YES;
				GCC_WARN_64_TO_32_BIT_CONVERSION = YES;
				GCC_WARN_ABOUT_RETURN_TYPE = YES_ERROR;
				GCC_WARN_UNDECLARED_SELECTOR = YES;
				GCC_WARN_UNINITIALIZED_AUTOS = YES_AGGRESSIVE;
				GCC_WARN_UNUSED_FUNCTION = YES;
				GCC_WARN_UNUSED_VARIABLE = YES;
				MTL_ENABLE_DEBUG_INFO = NO;
				MTL_FAST_MATH = YES;
				SWIFT_COMPILATION_MODE = wholemodule;
				SWIFT_OPTIMIZATION_LEVEL = "-O";
			};
			name = Release;
		};
		8AF871B32720996700A2DE37 /* Debug */ = {
			isa = XCBuildConfiguration;
			buildSettings = {
				ASSETCATALOG_COMPILER_APPICON_NAME = AppIcon;
				ASSETCATALOG_COMPILER_GLOBAL_ACCENT_COLOR_NAME = AccentColor;
				CODE_SIGN_STYLE = Automatic;
				DEVELOPMENT_TEAM = Z4S6A4YH2C;
				ENABLE_PREVIEWS = YES;
				INFOPLIST_FILE = iOS/Info.plist;
				IPHONEOS_DEPLOYMENT_TARGET = 14.0;
				LD_RUNPATH_SEARCH_PATHS = (
					"$(inherited)",
					"@executable_path/Frameworks",
				);
				PRODUCT_BUNDLE_IDENTIFIER = "Chapman.CPSC357-Project-2";
				PRODUCT_NAME = "CPSC357-Project 2";
				SDKROOT = iphoneos;
				SWIFT_VERSION = 5.0;
				TARGETED_DEVICE_FAMILY = "1,2";
			};
			name = Debug;
		};
		8AF871B42720996700A2DE37 /* Release */ = {
			isa = XCBuildConfiguration;
			buildSettings = {
				ASSETCATALOG_COMPILER_APPICON_NAME = AppIcon;
				ASSETCATALOG_COMPILER_GLOBAL_ACCENT_COLOR_NAME = AccentColor;
				CODE_SIGN_STYLE = Automatic;
				DEVELOPMENT_TEAM = Z4S6A4YH2C;
				ENABLE_PREVIEWS = YES;
				INFOPLIST_FILE = iOS/Info.plist;
				IPHONEOS_DEPLOYMENT_TARGET = 14.0;
				LD_RUNPATH_SEARCH_PATHS = (
					"$(inherited)",
					"@executable_path/Frameworks",
				);
				PRODUCT_BUNDLE_IDENTIFIER = "Chapman.CPSC357-Project-2";
				PRODUCT_NAME = "CPSC357-Project 2";
				SDKROOT = iphoneos;
				SWIFT_VERSION = 5.0;
				TARGETED_DEVICE_FAMILY = "1,2";
				VALIDATE_PRODUCT = YES;
			};
			name = Release;
		};
		8AF871B62720996700A2DE37 /* Debug */ = {
			isa = XCBuildConfiguration;
			buildSettings = {
				ASSETCATALOG_COMPILER_APPICON_NAME = AppIcon;
				ASSETCATALOG_COMPILER_GLOBAL_ACCENT_COLOR_NAME = AccentColor;
				CODE_SIGN_ENTITLEMENTS = macOS/macOS.entitlements;
				CODE_SIGN_STYLE = Automatic;
				COMBINE_HIDPI_IMAGES = YES;
				DEVELOPMENT_TEAM = Z4S6A4YH2C;
				ENABLE_HARDENED_RUNTIME = YES;
				ENABLE_PREVIEWS = YES;
				INFOPLIST_FILE = macOS/Info.plist;
				LD_RUNPATH_SEARCH_PATHS = (
					"$(inherited)",
					"@executable_path/../Frameworks",
				);
				MACOSX_DEPLOYMENT_TARGET = 11.0;
				PRODUCT_BUNDLE_IDENTIFIER = "Chapman.CPSC357-Project-2";
				PRODUCT_NAME = "CPSC357-Project 2";
				SDKROOT = macosx;
				SWIFT_VERSION = 5.0;
			};
			name = Debug;
		};
		8AF871B72720996700A2DE37 /* Release */ = {
			isa = XCBuildConfiguration;
			buildSettings = {
				ASSETCATALOG_COMPILER_APPICON_NAME = AppIcon;
				ASSETCATALOG_COMPILER_GLOBAL_ACCENT_COLOR_NAME = AccentColor;
				CODE_SIGN_ENTITLEMENTS = macOS/macOS.entitlements;
				CODE_SIGN_STYLE = Automatic;
				COMBINE_HIDPI_IMAGES = YES;
				DEVELOPMENT_TEAM = Z4S6A4YH2C;
				ENABLE_HARDENED_RUNTIME = YES;
				ENABLE_PREVIEWS = YES;
				INFOPLIST_FILE = macOS/Info.plist;
				LD_RUNPATH_SEARCH_PATHS = (
					"$(inherited)",
					"@executable_path/../Frameworks",
				);
				MACOSX_DEPLOYMENT_TARGET = 11.0;
				PRODUCT_BUNDLE_IDENTIFIER = "Chapman.CPSC357-Project-2";
				PRODUCT_NAME = "CPSC357-Project 2";
				SDKROOT = macosx;
				SWIFT_VERSION = 5.0;
			};
			name = Release;
		};
		8AF871B92720996700A2DE37 /* Debug */ = {
			isa = XCBuildConfiguration;
			buildSettings = {
				ALWAYS_EMBED_SWIFT_STANDARD_LIBRARIES = YES;
				CODE_SIGN_STYLE = Automatic;
				DEVELOPMENT_TEAM = Z4S6A4YH2C;
				INFOPLIST_FILE = "Tests iOS/Info.plist";
				IPHONEOS_DEPLOYMENT_TARGET = 14.5;
				LD_RUNPATH_SEARCH_PATHS = (
					"$(inherited)",
					"@executable_path/Frameworks",
					"@loader_path/Frameworks",
				);
				PRODUCT_BUNDLE_IDENTIFIER = "Chapman.Tests-iOS";
				PRODUCT_NAME = "$(TARGET_NAME)";
				SDKROOT = iphoneos;
				SWIFT_VERSION = 5.0;
				TARGETED_DEVICE_FAMILY = "1,2";
				TEST_TARGET_NAME = "CPSC357-Project 2 (iOS)";
			};
			name = Debug;
		};
		8AF871BA2720996700A2DE37 /* Release */ = {
			isa = XCBuildConfiguration;
			buildSettings = {
				ALWAYS_EMBED_SWIFT_STANDARD_LIBRARIES = YES;
				CODE_SIGN_STYLE = Automatic;
				DEVELOPMENT_TEAM = Z4S6A4YH2C;
				INFOPLIST_FILE = "Tests iOS/Info.plist";
				IPHONEOS_DEPLOYMENT_TARGET = 14.5;
				LD_RUNPATH_SEARCH_PATHS = (
					"$(inherited)",
					"@executable_path/Frameworks",
					"@loader_path/Frameworks",
				);
				PRODUCT_BUNDLE_IDENTIFIER = "Chapman.Tests-iOS";
				PRODUCT_NAME = "$(TARGET_NAME)";
				SDKROOT = iphoneos;
				SWIFT_VERSION = 5.0;
				TARGETED_DEVICE_FAMILY = "1,2";
				TEST_TARGET_NAME = "CPSC357-Project 2 (iOS)";
				VALIDATE_PRODUCT = YES;
			};
			name = Release;
		};
		8AF871BC2720996700A2DE37 /* Debug */ = {
			isa = XCBuildConfiguration;
			buildSettings = {
				ALWAYS_EMBED_SWIFT_STANDARD_LIBRARIES = YES;
				CODE_SIGN_STYLE = Automatic;
				COMBINE_HIDPI_IMAGES = YES;
				DEVELOPMENT_TEAM = Z4S6A4YH2C;
				INFOPLIST_FILE = "Tests macOS/Info.plist";
				LD_RUNPATH_SEARCH_PATHS = (
					"$(inherited)",
					"@executable_path/../Frameworks",
					"@loader_path/../Frameworks",
				);
				MACOSX_DEPLOYMENT_TARGET = 11.3;
				PRODUCT_BUNDLE_IDENTIFIER = "Chapman.Tests-macOS";
				PRODUCT_NAME = "$(TARGET_NAME)";
				SDKROOT = macosx;
				SWIFT_VERSION = 5.0;
				TEST_TARGET_NAME = "CPSC357-Project 2 (macOS)";
			};
			name = Debug;
		};
		8AF871BD2720996700A2DE37 /* Release */ = {
			isa = XCBuildConfiguration;
			buildSettings = {
				ALWAYS_EMBED_SWIFT_STANDARD_LIBRARIES = YES;
				CODE_SIGN_STYLE = Automatic;
				COMBINE_HIDPI_IMAGES = YES;
				DEVELOPMENT_TEAM = Z4S6A4YH2C;
				INFOPLIST_FILE = "Tests macOS/Info.plist";
				LD_RUNPATH_SEARCH_PATHS = (
					"$(inherited)",
					"@executable_path/../Frameworks",
					"@loader_path/../Frameworks",
				);
				MACOSX_DEPLOYMENT_TARGET = 11.3;
				PRODUCT_BUNDLE_IDENTIFIER = "Chapman.Tests-macOS";
				PRODUCT_NAME = "$(TARGET_NAME)";
				SDKROOT = macosx;
				SWIFT_VERSION = 5.0;
				TEST_TARGET_NAME = "CPSC357-Project 2 (macOS)";
			};
			name = Release;
		};
/* End XCBuildConfiguration section */

/* Begin XCConfigurationList section */
		8AF8717F2720996500A2DE37 /* Build configuration list for PBXProject "CPSC357-Project 2" */ = {
			isa = XCConfigurationList;
			buildConfigurations = (
				8AF871B02720996700A2DE37 /* Debug */,
				8AF871B12720996700A2DE37 /* Release */,
			);
			defaultConfigurationIsVisible = 0;
			defaultConfigurationName = Release;
		};
		8AF871B22720996700A2DE37 /* Build configuration list for PBXNativeTarget "CPSC357-Project 2 (iOS)" */ = {
			isa = XCConfigurationList;
			buildConfigurations = (
				8AF871B32720996700A2DE37 /* Debug */,
				8AF871B42720996700A2DE37 /* Release */,
			);
			defaultConfigurationIsVisible = 0;
			defaultConfigurationName = Release;
		};
		8AF871B52720996700A2DE37 /* Build configuration list for PBXNativeTarget "CPSC357-Project 2 (macOS)" */ = {
			isa = XCConfigurationList;
			buildConfigurations = (
				8AF871B62720996700A2DE37 /* Debug */,
				8AF871B72720996700A2DE37 /* Release */,
			);
			defaultConfigurationIsVisible = 0;
			defaultConfigurationName = Release;
		};
		8AF871B82720996700A2DE37 /* Build configuration list for PBXNativeTarget "Tests iOS" */ = {
			isa = XCConfigurationList;
			buildConfigurations = (
				8AF871B92720996700A2DE37 /* Debug */,
				8AF871BA2720996700A2DE37 /* Release */,
			);
			defaultConfigurationIsVisible = 0;
			defaultConfigurationName = Release;
		};
		8AF871BB2720996700A2DE37 /* Build configuration list for PBXNativeTarget "Tests macOS" */ = {
			isa = XCConfigurationList;
			buildConfigurations = (
				8AF871BC2720996700A2DE37 /* Debug */,
				8AF871BD2720996700A2DE37 /* Release */,
			);
			defaultConfigurationIsVisible = 0;
			defaultConfigurationName = Release;
		};
/* End XCConfigurationList section */
	};
	rootObject = 8AF8717C2720996500A2DE37 /* Project object */;
}
